
Microsoft Visual Studio Solution File, Format Version 12.00
# Visual Studio Version 17
VisualStudioVersion = 17.9.34728.123
MinimumVisualStudioVersion = 10.0.40219.1
Project("{9A19103F-16F7-4668-BE54-9A1E7A4F7556}") = "MyNewWebApi", "MyNewWebApi.csproj", "{A0072975-749D-4B8D-94D1-BE318F818FB1}"
EndProject
Project("{FAE04EC0-301F-11D3-BF4B-00C04F79EFBC}") = "WebApiClient", "..\WebApiClient\WebApiClient.csproj", "{0BFEAD38-CB8F-4646-9984-0158F6E1985C}"
EndProject
Global
	GlobalSection(SolutionConfigurationPlatforms) = preSolution
		Debug|Any CPU = Debug|Any CPU
		Release|Any CPU = Release|Any CPU
	EndGlobalSection
	GlobalSection(ProjectConfigurationPlatforms) = postSolution
		{A0072975-749D-4B8D-94D1-BE318F818FB1}.Debug|Any CPU.ActiveCfg = Debug|Any CPU
		{A0072975-749D-4B8D-94D1-BE318F818FB1}.Debug|Any CPU.Build.0 = Debug|Any CPU
		{A0072975-749D-4B8D-94D1-BE318F818FB1}.Release|Any CPU.ActiveCfg = Release|Any CPU
		{A0072975-749D-4B8D-94D1-BE318F818FB1}.Release|Any CPU.Build.0 = Release|Any CPU
		{0BFEAD38-CB8F-4646-9984-0158F6E1985C}.Debug|Any CPU.ActiveCfg = Debug|Any CPU
		{0BFEAD38-CB8F-4646-9984-0158F6E1985C}.Debug|Any CPU.Build.0 = Debug|Any CPU
		{0BFEAD38-CB8F-4646-9984-0158F6E1985C}.Release|Any CPU.ActiveCfg = Release|Any CPU
		{0BFEAD38-CB8F-4646-9984-0158F6E1985C}.Release|Any CPU.Build.0 = Release|Any CPU
	EndGlobalSection
	GlobalSection(SolutionProperties) = preSolution
		HideSolutionNode = FALSE
	EndGlobalSection
	GlobalSection(ExtensibilityGlobals) = postSolution
		SolutionGuid = {D7708821-ABEF-4D0C-B8F7-86374366CC51}
	EndGlobalSection
EndGlobal
